
Microsoft Visual Studio Solution File, Format Version 12.00
# Visual Studio Version 17
VisualStudioVersion = 17.9.34518.117
MinimumVisualStudioVersion = 10.0.40219.1
Project("{2150E333-8FDC-42A3-9474-1A3956D46DE8}") = "2. Selection statements", "2. Selection statements", "{AA766B2D-D692-468D-8A44-895A23E5CA75}"
EndProject
Project("{2150E333-8FDC-42A3-9474-1A3956D46DE8}") = "3. Iteration statements", "3. Iteration statements", "{02EA681E-C7D8-13C7-8484-4AC65E1B71E8}"
EndProject
Project("{2150E333-8FDC-42A3-9474-1A3956D46DE8}") = "1. Sequential", "1. Sequential", "{56EA16C2-20FB-4C5A-B633-FF33823D10AC}"
EndProject
Project("{FAE04EC0-301F-11D3-BF4B-00C04F79EFBC}") = "2.2.01 If Condition (Exercise 01)", "2. Selection statements\2.2.01 If Condition (Exercise 01)\2.2.01 If Condition (Exercise 01).csproj", "{33AB594C-9770-EAF4-C3E2-6C37C25EDDF5}"
EndProject
Project("{FAE04EC0-301F-11D3-BF4B-00C04F79EFBC}") = "1.1.01 Sequential (Exercise 01)", "1. Sequential\1.1.01 Sequential (Exercise 01)\1.1.01 Sequential (Exercise 01).csproj", "{759ADF55-2A25-6526-5EB4-E0D8DC75BD1B}"
EndProject
Project("{FAE04EC0-301F-11D3-BF4B-00C04F79EFBC}") = "2.1.01.2 If Condition (Exercise 01)", "2. Selection statements\2.1.01.2 If Condition (Exercise 01)\2.1.01.2 If Condition (Exercise 01).csproj", "{678A03E3-0985-F308-4F52-C4DDF75A5238}"
EndProject
Project("{FAE04EC0-301F-11D3-BF4B-00C04F79EFBC}") = "2.1.01.1 If Condition (Exercise 01)", "2. Selection statements\2.1.01.1 If Condition (Exercise 01)\2.1.01.1 If Condition (Exercise 01).csproj", "{92C39C15-F6F5-66F5-9463-7262280553D4}"
EndProject
Project("{FAE04EC0-301F-11D3-BF4B-00C04F79EFBC}") = "2.1.02.1 If Condition (Exercise 02)", "2. Selection statements\2.1.02.1 If Condition (Exercise 02)\2.1.02.1 If Condition (Exercise 02).csproj", "{6DF20BEF-CDE4-9298-3699-C0E3AE3E2BFE}"
EndProject
Project("{FAE04EC0-301F-11D3-BF4B-00C04F79EFBC}") = "2.1.02.2 If Condition (Exercise 02)", "2. Selection statements\2.1.02.2 If Condition (Exercise 02)\2.1.02.2 If Condition (Exercise 02).csproj", "{5F2CCFFD-FE33-55D9-94F8-690592BE580F}"
EndProject
Project("{FAE04EC0-301F-11D3-BF4B-00C04F79EFBC}") = "2.1.03.1 If Condition (Exercise 03)", "2. Selection statements\2.1.03.1 If Condition (Exercise 03)\2.1.03.1 If Condition (Exercise 03).csproj", "{BB2FD707-5267-E9DF-1C80-29F9451761EE}"
EndProject
Project("{FAE04EC0-301F-11D3-BF4B-00C04F79EFBC}") = "2.1.03.2 If Condition (Exercise 03)", "2. Selection statements\2.1.03.2 If Condition (Exercise 03)\2.1.03.2 If Condition (Exercise 03).csproj", "{B4F5E265-88E8-C703-146A-67C613C9A0DA}"
EndProject
Project("{FAE04EC0-301F-11D3-BF4B-00C04F79EFBC}") = "2.1.04.2 If Condition (Exercise 04)", "2. Selection statements\2.1.04.2 If Condition (Exercise 04)\2.1.04.2 If Condition (Exercise 04).csproj", "{2D2E356A-0005-4F40-82F0-BED298B8C5E4}"
EndProject
Project("{FAE04EC0-301F-11D3-BF4B-00C04F79EFBC}") = "2.1.04.1 If Condition (Exercise 04)", "2. Selection statements\2.1.04.1 If Condition (Exercise 04)\2.1.04.1 If Condition (Exercise 04).csproj", "{7B9BBA14-7A84-7764-0936-A2E8BF91177D}"
EndProject
Project("{FAE04EC0-301F-11D3-BF4B-00C04F79EFBC}") = "2.1.05.1 If Condition (Exercise 05)", "2. Selection statements\2.1.05.1 If Condition (Exercise 05)\2.1.05.1 If Condition (Exercise 05).csproj", "{BF6235DF-6EF4-3295-534B-7CF3BB9845CE}"
EndProject
Project("{FAE04EC0-301F-11D3-BF4B-00C04F79EFBC}") = "2.1.06.1 If Condition (Exercise 06)", "2. Selection statements\2.1.06.1 If Condition (Exercise 06)\2.1.06.1 If Condition (Exercise 06).csproj", "{3E8991D7-65BA-F35D-0BCA-CA25B40F4301}"
EndProject
Project("{FAE04EC0-301F-11D3-BF4B-00C04F79EFBC}") = "2.1.07.1 If Condition (Exercise 07)", "2. Selection statements\2.1.07.1 If Condition (Exercise 07)\2.1.07.1 If Condition (Exercise 07).csproj", "{6D3CCF00-FCE7-4ACB-C393-7660DBC3E467}"
EndProject
Project("{FAE04EC0-301F-11D3-BF4B-00C04F79EFBC}") = "2.1.08.1 If Condition (Exercise 08)", "2. Selection statements\2.1.08.1 If Condition (Exercise 08)\2.1.08.1 If Condition (Exercise 08).csproj", "{1F6ACD8D-B473-855F-279A-DEC8464220E8}"
EndProject
Project("{FAE04EC0-301F-11D3-BF4B-00C04F79EFBC}") = "2.1.09.1 If Condition (Exercise 09)", "2. Selection statements\2.1.09.1 If Condition (Exercise 09)\2.1.09.1 If Condition (Exercise 09).csproj", "{21689F7F-FD4A-3E46-2374-663058A69B2C}"
EndProject
Project("{FAE04EC0-301F-11D3-BF4B-00C04F79EFBC}") = "2.1.10.1 If Condition (Exercise 10)", "2. Selection statements\2.1.10.1 If Condition (Exercise 10)\2.1.10.1 If Condition (Exercise 10).csproj", "{B9BC9F0D-3E0D-C0D6-5B35-EE53AE3FE2FB}"
EndProject
Project("{FAE04EC0-301F-11D3-BF4B-00C04F79EFBC}") = "2.1.11.1 If Condition (Exercise 11)", "2. Selection statements\2.1.11.1 If Condition (Exercise 11)\2.1.11.1 If Condition (Exercise 11).csproj", "{C599CC0D-6FE3-15F0-2A40-4D8B5264C98F}"
EndProject
Project("{FAE04EC0-301F-11D3-BF4B-00C04F79EFBC}") = "2.1.05.2 If Condition (Exercise 05)", "2. Selection statements\2.1.05.2 If Condition (Exercise 05)\2.1.05.2 If Condition (Exercise 05).csproj", "{EF6242E8-78DF-4AAC-91EC-938F330D2DDC}"
EndProject
Project("{FAE04EC0-301F-11D3-BF4B-00C04F79EFBC}") = "2.1.06.2 If Condition (Exercise 06)", "2.1.06.2 If Condition (Exercise 06)\2.1.06.2 If Condition (Exercise 06).csproj", "{A1B7B7C7-A405-4A1D-8918-A73C92B8C6C4}"
EndProject
Global
	GlobalSection(SolutionConfigurationPlatforms) = preSolution
		Debug|Any CPU = Debug|Any CPU
		Debug|x64 = Debug|x64
		Debug|x86 = Debug|x86
		Release|Any CPU = Release|Any CPU
		Release|x64 = Release|x64
		Release|x86 = Release|x86
	EndGlobalSection
	GlobalSection(ProjectConfigurationPlatforms) = postSolution
		{33AB594C-9770-EAF4-C3E2-6C37C25EDDF5}.Debug|Any CPU.ActiveCfg = Debug|Any CPU
		{33AB594C-9770-EAF4-C3E2-6C37C25EDDF5}.Debug|Any CPU.Build.0 = Debug|Any CPU
		{33AB594C-9770-EAF4-C3E2-6C37C25EDDF5}.Debug|x64.ActiveCfg = Debug|Any CPU
		{33AB594C-9770-EAF4-C3E2-6C37C25EDDF5}.Debug|x64.Build.0 = Debug|Any CPU
		{33AB594C-9770-EAF4-C3E2-6C37C25EDDF5}.Debug|x86.ActiveCfg = Debug|Any CPU
		{33AB594C-9770-EAF4-C3E2-6C37C25EDDF5}.Debug|x86.Build.0 = Debug|Any CPU
		{33AB594C-9770-EAF4-C3E2-6C37C25EDDF5}.Release|Any CPU.ActiveCfg = Release|Any CPU
		{33AB594C-9770-EAF4-C3E2-6C37C25EDDF5}.Release|Any CPU.Build.0 = Release|Any CPU
		{33AB594C-9770-EAF4-C3E2-6C37C25EDDF5}.Release|x64.ActiveCfg = Release|Any CPU
		{33AB594C-9770-EAF4-C3E2-6C37C25EDDF5}.Release|x64.Build.0 = Release|Any CPU
		{33AB594C-9770-EAF4-C3E2-6C37C25EDDF5}.Release|x86.ActiveCfg = Release|Any CPU
		{33AB594C-9770-EAF4-C3E2-6C37C25EDDF5}.Release|x86.Build.0 = Release|Any CPU
		{759ADF55-2A25-6526-5EB4-E0D8DC75BD1B}.Debug|Any CPU.ActiveCfg = Debug|Any CPU
		{759ADF55-2A25-6526-5EB4-E0D8DC75BD1B}.Debug|Any CPU.Build.0 = Debug|Any CPU
		{759ADF55-2A25-6526-5EB4-E0D8DC75BD1B}.Debug|x64.ActiveCfg = Debug|Any CPU
		{759ADF55-2A25-6526-5EB4-E0D8DC75BD1B}.Debug|x64.Build.0 = Debug|Any CPU
		{759ADF55-2A25-6526-5EB4-E0D8DC75BD1B}.Debug|x86.ActiveCfg = Debug|Any CPU
		{759ADF55-2A25-6526-5EB4-E0D8DC75BD1B}.Debug|x86.Build.0 = Debug|Any CPU
		{759ADF55-2A25-6526-5EB4-E0D8DC75BD1B}.Release|Any CPU.ActiveCfg = Release|Any CPU
		{759ADF55-2A25-6526-5EB4-E0D8DC75BD1B}.Release|Any CPU.Build.0 = Release|Any CPU
		{759ADF55-2A25-6526-5EB4-E0D8DC75BD1B}.Release|x64.ActiveCfg = Release|Any CPU
		{759ADF55-2A25-6526-5EB4-E0D8DC75BD1B}.Release|x64.Build.0 = Release|Any CPU
		{759ADF55-2A25-6526-5EB4-E0D8DC75BD1B}.Release|x86.ActiveCfg = Release|Any CPU
		{759ADF55-2A25-6526-5EB4-E0D8DC75BD1B}.Release|x86.Build.0 = Release|Any CPU
		{678A03E3-0985-F308-4F52-C4DDF75A5238}.Debug|Any CPU.ActiveCfg = Debug|Any CPU
		{678A03E3-0985-F308-4F52-C4DDF75A5238}.Debug|Any CPU.Build.0 = Debug|Any CPU
		{678A03E3-0985-F308-4F52-C4DDF75A5238}.Debug|x64.ActiveCfg = Debug|Any CPU
		{678A03E3-0985-F308-4F52-C4DDF75A5238}.Debug|x64.Build.0 = Debug|Any CPU
		{678A03E3-0985-F308-4F52-C4DDF75A5238}.Debug|x86.ActiveCfg = Debug|Any CPU
		{678A03E3-0985-F308-4F52-C4DDF75A5238}.Debug|x86.Build.0 = Debug|Any CPU
		{678A03E3-0985-F308-4F52-C4DDF75A5238}.Release|Any CPU.ActiveCfg = Release|Any CPU
		{678A03E3-0985-F308-4F52-C4DDF75A5238}.Release|Any CPU.Build.0 = Release|Any CPU
		{678A03E3-0985-F308-4F52-C4DDF75A5238}.Release|x64.ActiveCfg = Release|Any CPU
		{678A03E3-0985-F308-4F52-C4DDF75A5238}.Release|x64.Build.0 = Release|Any CPU
		{678A03E3-0985-F308-4F52-C4DDF75A5238}.Release|x86.ActiveCfg = Release|Any CPU
		{678A03E3-0985-F308-4F52-C4DDF75A5238}.Release|x86.Build.0 = Release|Any CPU
		{92C39C15-F6F5-66F5-9463-7262280553D4}.Debug|Any CPU.ActiveCfg = Debug|Any CPU
		{92C39C15-F6F5-66F5-9463-7262280553D4}.Debug|Any CPU.Build.0 = Debug|Any CPU
		{92C39C15-F6F5-66F5-9463-7262280553D4}.Debug|x64.ActiveCfg = Debug|Any CPU
		{92C39C15-F6F5-66F5-9463-7262280553D4}.Debug|x64.Build.0 = Debug|Any CPU
		{92C39C15-F6F5-66F5-9463-7262280553D4}.Debug|x86.ActiveCfg = Debug|Any CPU
		{92C39C15-F6F5-66F5-9463-7262280553D4}.Debug|x86.Build.0 = Debug|Any CPU
		{92C39C15-F6F5-66F5-9463-7262280553D4}.Release|Any CPU.ActiveCfg = Release|Any CPU
		{92C39C15-F6F5-66F5-9463-7262280553D4}.Release|Any CPU.Build.0 = Release|Any CPU
		{92C39C15-F6F5-66F5-9463-7262280553D4}.Release|x64.ActiveCfg = Release|Any CPU
		{92C39C15-F6F5-66F5-9463-7262280553D4}.Release|x64.Build.0 = Release|Any CPU
		{92C39C15-F6F5-66F5-9463-7262280553D4}.Release|x86.ActiveCfg = Release|Any CPU
		{92C39C15-F6F5-66F5-9463-7262280553D4}.Release|x86.Build.0 = Release|Any CPU
		{6DF20BEF-CDE4-9298-3699-C0E3AE3E2BFE}.Debug|Any CPU.ActiveCfg = Debug|Any CPU
		{6DF20BEF-CDE4-9298-3699-C0E3AE3E2BFE}.Debug|Any CPU.Build.0 = Debug|Any CPU
		{6DF20BEF-CDE4-9298-3699-C0E3AE3E2BFE}.Debug|x64.ActiveCfg = Debug|Any CPU
		{6DF20BEF-CDE4-9298-3699-C0E3AE3E2BFE}.Debug|x64.Build.0 = Debug|Any CPU
		{6DF20BEF-CDE4-9298-3699-C0E3AE3E2BFE}.Debug|x86.ActiveCfg = Debug|Any CPU
		{6DF20BEF-CDE4-9298-3699-C0E3AE3E2BFE}.Debug|x86.Build.0 = Debug|Any CPU
		{6DF20BEF-CDE4-9298-3699-C0E3AE3E2BFE}.Release|Any CPU.ActiveCfg = Release|Any CPU
		{6DF20BEF-CDE4-9298-3699-C0E3AE3E2BFE}.Release|Any CPU.Build.0 = Release|Any CPU
		{6DF20BEF-CDE4-9298-3699-C0E3AE3E2BFE}.Release|x64.ActiveCfg = Release|Any CPU
		{6DF20BEF-CDE4-9298-3699-C0E3AE3E2BFE}.Release|x64.Build.0 = Release|Any CPU
		{6DF20BEF-CDE4-9298-3699-C0E3AE3E2BFE}.Release|x86.ActiveCfg = Release|Any CPU
		{6DF20BEF-CDE4-9298-3699-C0E3AE3E2BFE}.Release|x86.Build.0 = Release|Any CPU
		{5F2CCFFD-FE33-55D9-94F8-690592BE580F}.Debug|Any CPU.ActiveCfg = Debug|Any CPU
		{5F2CCFFD-FE33-55D9-94F8-690592BE580F}.Debug|Any CPU.Build.0 = Debug|Any CPU
		{5F2CCFFD-FE33-55D9-94F8-690592BE580F}.Debug|x64.ActiveCfg = Debug|Any CPU
		{5F2CCFFD-FE33-55D9-94F8-690592BE580F}.Debug|x64.Build.0 = Debug|Any CPU
		{5F2CCFFD-FE33-55D9-94F8-690592BE580F}.Debug|x86.ActiveCfg = Debug|Any CPU
		{5F2CCFFD-FE33-55D9-94F8-690592BE580F}.Debug|x86.Build.0 = Debug|Any CPU
		{5F2CCFFD-FE33-55D9-94F8-690592BE580F}.Release|Any CPU.ActiveCfg = Release|Any CPU
		{5F2CCFFD-FE33-55D9-94F8-690592BE580F}.Release|Any CPU.Build.0 = Release|Any CPU
		{5F2CCFFD-FE33-55D9-94F8-690592BE580F}.Release|x64.ActiveCfg = Release|Any CPU
		{5F2CCFFD-FE33-55D9-94F8-690592BE580F}.Release|x64.Build.0 = Release|Any CPU
		{5F2CCFFD-FE33-55D9-94F8-690592BE580F}.Release|x86.ActiveCfg = Release|Any CPU
		{5F2CCFFD-FE33-55D9-94F8-690592BE580F}.Release|x86.Build.0 = Release|Any CPU
		{BB2FD707-5267-E9DF-1C80-29F9451761EE}.Debug|Any CPU.ActiveCfg = Debug|Any CPU
		{BB2FD707-5267-E9DF-1C80-29F9451761EE}.Debug|Any CPU.Build.0 = Debug|Any CPU
		{BB2FD707-5267-E9DF-1C80-29F9451761EE}.Debug|x64.ActiveCfg = Debug|Any CPU
		{BB2FD707-5267-E9DF-1C80-29F9451761EE}.Debug|x64.Build.0 = Debug|Any CPU
		{BB2FD707-5267-E9DF-1C80-29F9451761EE}.Debug|x86.ActiveCfg = Debug|Any CPU
		{BB2FD707-5267-E9DF-1C80-29F9451761EE}.Debug|x86.Build.0 = Debug|Any CPU
		{BB2FD707-5267-E9DF-1C80-29F9451761EE}.Release|Any CPU.ActiveCfg = Release|Any CPU
		{BB2FD707-5267-E9DF-1C80-29F9451761EE}.Release|Any CPU.Build.0 = Release|Any CPU
		{BB2FD707-5267-E9DF-1C80-29F9451761EE}.Release|x64.ActiveCfg = Release|Any CPU
		{BB2FD707-5267-E9DF-1C80-29F9451761EE}.Release|x64.Build.0 = Release|Any CPU
		{BB2FD707-5267-E9DF-1C80-29F9451761EE}.Release|x86.ActiveCfg = Release|Any CPU
		{BB2FD707-5267-E9DF-1C80-29F9451761EE}.Release|x86.Build.0 = Release|Any CPU
		{B4F5E265-88E8-C703-146A-67C613C9A0DA}.Debug|Any CPU.ActiveCfg = Debug|Any CPU
		{B4F5E265-88E8-C703-146A-67C613C9A0DA}.Debug|Any CPU.Build.0 = Debug|Any CPU
		{B4F5E265-88E8-C703-146A-67C613C9A0DA}.Debug|x64.ActiveCfg = Debug|Any CPU
		{B4F5E265-88E8-C703-146A-67C613C9A0DA}.Debug|x64.Build.0 = Debug|Any CPU
		{B4F5E265-88E8-C703-146A-67C613C9A0DA}.Debug|x86.ActiveCfg = Debug|Any CPU
		{B4F5E265-88E8-C703-146A-67C613C9A0DA}.Debug|x86.Build.0 = Debug|Any CPU
		{B4F5E265-88E8-C703-146A-67C613C9A0DA}.Release|Any CPU.ActiveCfg = Release|Any CPU
		{B4F5E265-88E8-C703-146A-67C613C9A0DA}.Release|Any CPU.Build.0 = Release|Any CPU
		{B4F5E265-88E8-C703-146A-67C613C9A0DA}.Release|x64.ActiveCfg = Release|Any CPU
		{B4F5E265-88E8-C703-146A-67C613C9A0DA}.Release|x64.Build.0 = Release|Any CPU
		{B4F5E265-88E8-C703-146A-67C613C9A0DA}.Release|x86.ActiveCfg = Release|Any CPU
		{B4F5E265-88E8-C703-146A-67C613C9A0DA}.Release|x86.Build.0 = Release|Any CPU
		{2D2E356A-0005-4F40-82F0-BED298B8C5E4}.Debug|Any CPU.ActiveCfg = Debug|Any CPU
		{2D2E356A-0005-4F40-82F0-BED298B8C5E4}.Debug|Any CPU.Build.0 = Debug|Any CPU
		{2D2E356A-0005-4F40-82F0-BED298B8C5E4}.Debug|x64.ActiveCfg = Debug|Any CPU
		{2D2E356A-0005-4F40-82F0-BED298B8C5E4}.Debug|x64.Build.0 = Debug|Any CPU
		{2D2E356A-0005-4F40-82F0-BED298B8C5E4}.Debug|x86.ActiveCfg = Debug|Any CPU
		{2D2E356A-0005-4F40-82F0-BED298B8C5E4}.Debug|x86.Build.0 = Debug|Any CPU
		{2D2E356A-0005-4F40-82F0-BED298B8C5E4}.Release|Any CPU.ActiveCfg = Release|Any CPU
		{2D2E356A-0005-4F40-82F0-BED298B8C5E4}.Release|Any CPU.Build.0 = Release|Any CPU
		{2D2E356A-0005-4F40-82F0-BED298B8C5E4}.Release|x64.ActiveCfg = Release|Any CPU
		{2D2E356A-0005-4F40-82F0-BED298B8C5E4}.Release|x64.Build.0 = Release|Any CPU
		{2D2E356A-0005-4F40-82F0-BED298B8C5E4}.Release|x86.ActiveCfg = Release|Any CPU
		{2D2E356A-0005-4F40-82F0-BED298B8C5E4}.Release|x86.Build.0 = Release|Any CPU
		{7B9BBA14-7A84-7764-0936-A2E8BF91177D}.Debug|Any CPU.ActiveCfg = Debug|Any CPU
		{7B9BBA14-7A84-7764-0936-A2E8BF91177D}.Debug|Any CPU.Build.0 = Debug|Any CPU
		{7B9BBA14-7A84-7764-0936-A2E8BF91177D}.Debug|x64.ActiveCfg = Debug|Any CPU
		{7B9BBA14-7A84-7764-0936-A2E8BF91177D}.Debug|x64.Build.0 = Debug|Any CPU
		{7B9BBA14-7A84-7764-0936-A2E8BF91177D}.Debug|x86.ActiveCfg = Debug|Any CPU
		{7B9BBA14-7A84-7764-0936-A2E8BF91177D}.Debug|x86.Build.0 = Debug|Any CPU
		{7B9BBA14-7A84-7764-0936-A2E8BF91177D}.Release|Any CPU.ActiveCfg = Release|Any CPU
		{7B9BBA14-7A84-7764-0936-A2E8BF91177D}.Release|Any CPU.Build.0 = Release|Any CPU
		{7B9BBA14-7A84-7764-0936-A2E8BF91177D}.Release|x64.ActiveCfg = Release|Any CPU
		{7B9BBA14-7A84-7764-0936-A2E8BF91177D}.Release|x64.Build.0 = Release|Any CPU
		{7B9BBA14-7A84-7764-0936-A2E8BF91177D}.Release|x86.ActiveCfg = Release|Any CPU
		{7B9BBA14-7A84-7764-0936-A2E8BF91177D}.Release|x86.Build.0 = Release|Any CPU
		{BF6235DF-6EF4-3295-534B-7CF3BB9845CE}.Debug|Any CPU.ActiveCfg = Debug|Any CPU
		{BF6235DF-6EF4-3295-534B-7CF3BB9845CE}.Debug|Any CPU.Build.0 = Debug|Any CPU
		{BF6235DF-6EF4-3295-534B-7CF3BB9845CE}.Debug|x64.ActiveCfg = Debug|Any CPU
		{BF6235DF-6EF4-3295-534B-7CF3BB9845CE}.Debug|x64.Build.0 = Debug|Any CPU
		{BF6235DF-6EF4-3295-534B-7CF3BB9845CE}.Debug|x86.ActiveCfg = Debug|Any CPU
		{BF6235DF-6EF4-3295-534B-7CF3BB9845CE}.Debug|x86.Build.0 = Debug|Any CPU
		{BF6235DF-6EF4-3295-534B-7CF3BB9845CE}.Release|Any CPU.ActiveCfg = Release|Any CPU
		{BF6235DF-6EF4-3295-534B-7CF3BB9845CE}.Release|Any CPU.Build.0 = Release|Any CPU
		{BF6235DF-6EF4-3295-534B-7CF3BB9845CE}.Release|x64.ActiveCfg = Release|Any CPU
		{BF6235DF-6EF4-3295-534B-7CF3BB9845CE}.Release|x64.Build.0 = Release|Any CPU
		{BF6235DF-6EF4-3295-534B-7CF3BB9845CE}.Release|x86.ActiveCfg = Release|Any CPU
		{BF6235DF-6EF4-3295-534B-7CF3BB9845CE}.Release|x86.Build.0 = Release|Any CPU
		{3E8991D7-65BA-F35D-0BCA-CA25B40F4301}.Debug|Any CPU.ActiveCfg = Debug|Any CPU
		{3E8991D7-65BA-F35D-0BCA-CA25B40F4301}.Debug|Any CPU.Build.0 = Debug|Any CPU
		{3E8991D7-65BA-F35D-0BCA-CA25B40F4301}.Debug|x64.ActiveCfg = Debug|Any CPU
		{3E8991D7-65BA-F35D-0BCA-CA25B40F4301}.Debug|x64.Build.0 = Debug|Any CPU
		{3E8991D7-65BA-F35D-0BCA-CA25B40F4301}.Debug|x86.ActiveCfg = Debug|Any CPU
		{3E8991D7-65BA-F35D-0BCA-CA25B40F4301}.Debug|x86.Build.0 = Debug|Any CPU
		{3E8991D7-65BA-F35D-0BCA-CA25B40F4301}.Release|Any CPU.ActiveCfg = Release|Any CPU
		{3E8991D7-65BA-F35D-0BCA-CA25B40F4301}.Release|Any CPU.Build.0 = Release|Any CPU
		{3E8991D7-65BA-F35D-0BCA-CA25B40F4301}.Release|x64.ActiveCfg = Release|Any CPU
		{3E8991D7-65BA-F35D-0BCA-CA25B40F4301}.Release|x64.Build.0 = Release|Any CPU
		{3E8991D7-65BA-F35D-0BCA-CA25B40F4301}.Release|x86.ActiveCfg = Release|Any CPU
		{3E8991D7-65BA-F35D-0BCA-CA25B40F4301}.Release|x86.Build.0 = Release|Any CPU
		{6D3CCF00-FCE7-4ACB-C393-7660DBC3E467}.Debug|Any CPU.ActiveCfg = Debug|Any CPU
		{6D3CCF00-FCE7-4ACB-C393-7660DBC3E467}.Debug|Any CPU.Build.0 = Debug|Any CPU
		{6D3CCF00-FCE7-4ACB-C393-7660DBC3E467}.Debug|x64.ActiveCfg = Debug|Any CPU
		{6D3CCF00-FCE7-4ACB-C393-7660DBC3E467}.Debug|x64.Build.0 = Debug|Any CPU
		{6D3CCF00-FCE7-4ACB-C393-7660DBC3E467}.Debug|x86.ActiveCfg = Debug|Any CPU
		{6D3CCF00-FCE7-4ACB-C393-7660DBC3E467}.Debug|x86.Build.0 = Debug|Any CPU
		{6D3CCF00-FCE7-4ACB-C393-7660DBC3E467}.Release|Any CPU.ActiveCfg = Release|Any CPU
		{6D3CCF00-FCE7-4ACB-C393-7660DBC3E467}.Release|Any CPU.Build.0 = Release|Any CPU
		{6D3CCF00-FCE7-4ACB-C393-7660DBC3E467}.Release|x64.ActiveCfg = Release|Any CPU
		{6D3CCF00-FCE7-4ACB-C393-7660DBC3E467}.Release|x64.Build.0 = Release|Any CPU
		{6D3CCF00-FCE7-4ACB-C393-7660DBC3E467}.Release|x86.ActiveCfg = Release|Any CPU
		{6D3CCF00-FCE7-4ACB-C393-7660DBC3E467}.Release|x86.Build.0 = Release|Any CPU
		{1F6ACD8D-B473-855F-279A-DEC8464220E8}.Debug|Any CPU.ActiveCfg = Debug|Any CPU
		{1F6ACD8D-B473-855F-279A-DEC8464220E8}.Debug|Any CPU.Build.0 = Debug|Any CPU
		{1F6ACD8D-B473-855F-279A-DEC8464220E8}.Debug|x64.ActiveCfg = Debug|Any CPU
		{1F6ACD8D-B473-855F-279A-DEC8464220E8}.Debug|x64.Build.0 = Debug|Any CPU
		{1F6ACD8D-B473-855F-279A-DEC8464220E8}.Debug|x86.ActiveCfg = Debug|Any CPU
		{1F6ACD8D-B473-855F-279A-DEC8464220E8}.Debug|x86.Build.0 = Debug|Any CPU
		{1F6ACD8D-B473-855F-279A-DEC8464220E8}.Release|Any CPU.ActiveCfg = Release|Any CPU
		{1F6ACD8D-B473-855F-279A-DEC8464220E8}.Release|Any CPU.Build.0 = Release|Any CPU
		{1F6ACD8D-B473-855F-279A-DEC8464220E8}.Release|x64.ActiveCfg = Release|Any CPU
		{1F6ACD8D-B473-855F-279A-DEC8464220E8}.Release|x64.Build.0 = Release|Any CPU
		{1F6ACD8D-B473-855F-279A-DEC8464220E8}.Release|x86.ActiveCfg = Release|Any CPU
		{1F6ACD8D-B473-855F-279A-DEC8464220E8}.Release|x86.Build.0 = Release|Any CPU
		{21689F7F-FD4A-3E46-2374-663058A69B2C}.Debug|Any CPU.ActiveCfg = Debug|Any CPU
		{21689F7F-FD4A-3E46-2374-663058A69B2C}.Debug|Any CPU.Build.0 = Debug|Any CPU
		{21689F7F-FD4A-3E46-2374-663058A69B2C}.Debug|x64.ActiveCfg = Debug|Any CPU
		{21689F7F-FD4A-3E46-2374-663058A69B2C}.Debug|x64.Build.0 = Debug|Any CPU
		{21689F7F-FD4A-3E46-2374-663058A69B2C}.Debug|x86.ActiveCfg = Debug|Any CPU
		{21689F7F-FD4A-3E46-2374-663058A69B2C}.Debug|x86.Build.0 = Debug|Any CPU
		{21689F7F-FD4A-3E46-2374-663058A69B2C}.Release|Any CPU.ActiveCfg = Release|Any CPU
		{21689F7F-FD4A-3E46-2374-663058A69B2C}.Release|Any CPU.Build.0 = Release|Any CPU
		{21689F7F-FD4A-3E46-2374-663058A69B2C}.Release|x64.ActiveCfg = Release|Any CPU
		{21689F7F-FD4A-3E46-2374-663058A69B2C}.Release|x64.Build.0 = Release|Any CPU
		{21689F7F-FD4A-3E46-2374-663058A69B2C}.Release|x86.ActiveCfg = Release|Any CPU
		{21689F7F-FD4A-3E46-2374-663058A69B2C}.Release|x86.Build.0 = Release|Any CPU
		{B9BC9F0D-3E0D-C0D6-5B35-EE53AE3FE2FB}.Debug|Any CPU.ActiveCfg = Debug|Any CPU
		{B9BC9F0D-3E0D-C0D6-5B35-EE53AE3FE2FB}.Debug|Any CPU.Build.0 = Debug|Any CPU
		{B9BC9F0D-3E0D-C0D6-5B35-EE53AE3FE2FB}.Debug|x64.ActiveCfg = Debug|Any CPU
		{B9BC9F0D-3E0D-C0D6-5B35-EE53AE3FE2FB}.Debug|x64.Build.0 = Debug|Any CPU
		{B9BC9F0D-3E0D-C0D6-5B35-EE53AE3FE2FB}.Debug|x86.ActiveCfg = Debug|Any CPU
		{B9BC9F0D-3E0D-C0D6-5B35-EE53AE3FE2FB}.Debug|x86.Build.0 = Debug|Any CPU
		{B9BC9F0D-3E0D-C0D6-5B35-EE53AE3FE2FB}.Release|Any CPU.ActiveCfg = Release|Any CPU
		{B9BC9F0D-3E0D-C0D6-5B35-EE53AE3FE2FB}.Release|Any CPU.Build.0 = Release|Any CPU
		{B9BC9F0D-3E0D-C0D6-5B35-EE53AE3FE2FB}.Release|x64.ActiveCfg = Release|Any CPU
		{B9BC9F0D-3E0D-C0D6-5B35-EE53AE3FE2FB}.Release|x64.Build.0 = Release|Any CPU
		{B9BC9F0D-3E0D-C0D6-5B35-EE53AE3FE2FB}.Release|x86.ActiveCfg = Release|Any CPU
		{B9BC9F0D-3E0D-C0D6-5B35-EE53AE3FE2FB}.Release|x86.Build.0 = Release|Any CPU
		{C599CC0D-6FE3-15F0-2A40-4D8B5264C98F}.Debug|Any CPU.ActiveCfg = Debug|Any CPU
		{C599CC0D-6FE3-15F0-2A40-4D8B5264C98F}.Debug|Any CPU.Build.0 = Debug|Any CPU
		{C599CC0D-6FE3-15F0-2A40-4D8B5264C98F}.Debug|x64.ActiveCfg = Debug|Any CPU
		{C599CC0D-6FE3-15F0-2A40-4D8B5264C98F}.Debug|x64.Build.0 = Debug|Any CPU
		{C599CC0D-6FE3-15F0-2A40-4D8B5264C98F}.Debug|x86.ActiveCfg = Debug|Any CPU
		{C599CC0D-6FE3-15F0-2A40-4D8B5264C98F}.Debug|x86.Build.0 = Debug|Any CPU
		{C599CC0D-6FE3-15F0-2A40-4D8B5264C98F}.Release|Any CPU.ActiveCfg = Release|Any CPU
		{C599CC0D-6FE3-15F0-2A40-4D8B5264C98F}.Release|Any CPU.Build.0 = Release|Any CPU
		{C599CC0D-6FE3-15F0-2A40-4D8B5264C98F}.Release|x64.ActiveCfg = Release|Any CPU
		{C599CC0D-6FE3-15F0-2A40-4D8B5264C98F}.Release|x64.Build.0 = Release|Any CPU
		{C599CC0D-6FE3-15F0-2A40-4D8B5264C98F}.Release|x86.ActiveCfg = Release|Any CPU
		{C599CC0D-6FE3-15F0-2A40-4D8B5264C98F}.Release|x86.Build.0 = Release|Any CPU
		{EF6242E8-78DF-4AAC-91EC-938F330D2DDC}.Debug|Any CPU.ActiveCfg = Debug|Any CPU
		{EF6242E8-78DF-4AAC-91EC-938F330D2DDC}.Debug|Any CPU.Build.0 = Debug|Any CPU
		{EF6242E8-78DF-4AAC-91EC-938F330D2DDC}.Debug|x64.ActiveCfg = Debug|Any CPU
		{EF6242E8-78DF-4AAC-91EC-938F330D2DDC}.Debug|x64.Build.0 = Debug|Any CPU
		{EF6242E8-78DF-4AAC-91EC-938F330D2DDC}.Debug|x86.ActiveCfg = Debug|Any CPU
		{EF6242E8-78DF-4AAC-91EC-938F330D2DDC}.Debug|x86.Build.0 = Debug|Any CPU
		{EF6242E8-78DF-4AAC-91EC-938F330D2DDC}.Release|Any CPU.ActiveCfg = Release|Any CPU
		{EF6242E8-78DF-4AAC-91EC-938F330D2DDC}.Release|Any CPU.Build.0 = Release|Any CPU
		{EF6242E8-78DF-4AAC-91EC-938F330D2DDC}.Release|x64.ActiveCfg = Release|Any CPU
		{EF6242E8-78DF-4AAC-91EC-938F330D2DDC}.Release|x64.Build.0 = Release|Any CPU
		{EF6242E8-78DF-4AAC-91EC-938F330D2DDC}.Release|x86.ActiveCfg = Release|Any CPU
		{EF6242E8-78DF-4AAC-91EC-938F330D2DDC}.Release|x86.Build.0 = Release|Any CPU
		{A1B7B7C7-A405-4A1D-8918-A73C92B8C6C4}.Debug|Any CPU.ActiveCfg = Debug|Any CPU
		{A1B7B7C7-A405-4A1D-8918-A73C92B8C6C4}.Debug|Any CPU.Build.0 = Debug|Any CPU
		{A1B7B7C7-A405-4A1D-8918-A73C92B8C6C4}.Debug|x64.ActiveCfg = Debug|Any CPU
		{A1B7B7C7-A405-4A1D-8918-A73C92B8C6C4}.Debug|x64.Build.0 = Debug|Any CPU
		{A1B7B7C7-A405-4A1D-8918-A73C92B8C6C4}.Debug|x86.ActiveCfg = Debug|Any CPU
		{A1B7B7C7-A405-4A1D-8918-A73C92B8C6C4}.Debug|x86.Build.0 = Debug|Any CPU
		{A1B7B7C7-A405-4A1D-8918-A73C92B8C6C4}.Release|Any CPU.ActiveCfg = Release|Any CPU
		{A1B7B7C7-A405-4A1D-8918-A73C92B8C6C4}.Release|Any CPU.Build.0 = Release|Any CPU
		{A1B7B7C7-A405-4A1D-8918-A73C92B8C6C4}.Release|x64.ActiveCfg = Release|Any CPU
		{A1B7B7C7-A405-4A1D-8918-A73C92B8C6C4}.Release|x64.Build.0 = Release|Any CPU
		{A1B7B7C7-A405-4A1D-8918-A73C92B8C6C4}.Release|x86.ActiveCfg = Release|Any CPU
		{A1B7B7C7-A405-4A1D-8918-A73C92B8C6C4}.Release|x86.Build.0 = Release|Any CPU
	EndGlobalSection
	GlobalSection(SolutionProperties) = preSolution
		HideSolutionNode = FALSE
	EndGlobalSection
	GlobalSection(NestedProjects) = preSolution
		{33AB594C-9770-EAF4-C3E2-6C37C25EDDF5} = {AA766B2D-D692-468D-8A44-895A23E5CA75}
		{759ADF55-2A25-6526-5EB4-E0D8DC75BD1B} = {56EA16C2-20FB-4C5A-B633-FF33823D10AC}
		{678A03E3-0985-F308-4F52-C4DDF75A5238} = {AA766B2D-D692-468D-8A44-895A23E5CA75}
		{92C39C15-F6F5-66F5-9463-7262280553D4} = {AA766B2D-D692-468D-8A44-895A23E5CA75}
		{6DF20BEF-CDE4-9298-3699-C0E3AE3E2BFE} = {AA766B2D-D692-468D-8A44-895A23E5CA75}
		{5F2CCFFD-FE33-55D9-94F8-690592BE580F} = {AA766B2D-D692-468D-8A44-895A23E5CA75}
		{BB2FD707-5267-E9DF-1C80-29F9451761EE} = {AA766B2D-D692-468D-8A44-895A23E5CA75}
		{B4F5E265-88E8-C703-146A-67C613C9A0DA} = {AA766B2D-D692-468D-8A44-895A23E5CA75}
		{2D2E356A-0005-4F40-82F0-BED298B8C5E4} = {AA766B2D-D692-468D-8A44-895A23E5CA75}
		{7B9BBA14-7A84-7764-0936-A2E8BF91177D} = {AA766B2D-D692-468D-8A44-895A23E5CA75}
		{BF6235DF-6EF4-3295-534B-7CF3BB9845CE} = {AA766B2D-D692-468D-8A44-895A23E5CA75}
		{3E8991D7-65BA-F35D-0BCA-CA25B40F4301} = {AA766B2D-D692-468D-8A44-895A23E5CA75}
		{6D3CCF00-FCE7-4ACB-C393-7660DBC3E467} = {AA766B2D-D692-468D-8A44-895A23E5CA75}
		{1F6ACD8D-B473-855F-279A-DEC8464220E8} = {AA766B2D-D692-468D-8A44-895A23E5CA75}
		{21689F7F-FD4A-3E46-2374-663058A69B2C} = {AA766B2D-D692-468D-8A44-895A23E5CA75}
		{B9BC9F0D-3E0D-C0D6-5B35-EE53AE3FE2FB} = {AA766B2D-D692-468D-8A44-895A23E5CA75}
		{C599CC0D-6FE3-15F0-2A40-4D8B5264C98F} = {AA766B2D-D692-468D-8A44-895A23E5CA75}
		{EF6242E8-78DF-4AAC-91EC-938F330D2DDC} = {AA766B2D-D692-468D-8A44-895A23E5CA75}
		{A1B7B7C7-A405-4A1D-8918-A73C92B8C6C4} = {AA766B2D-D692-468D-8A44-895A23E5CA75}
	EndGlobalSection
	GlobalSection(ExtensibilityGlobals) = postSolution
		SolutionGuid = {432944F0-C166-4F7E-9D3C-4C5BA0310C96}
	EndGlobalSection
EndGlobal
