Microsoft Visual Studio Solution File, Format Version 12.00
# Visual Studio Version 17
VisualStudioVersion = 17.5.2.0
MinimumVisualStudioVersion = 10.0.40219.1
Project("{FAE04EC0-301F-11D3-BF4B-00C04F79EFBC}") = "1.1.01 Sequential (Exercise 01)", "1.1.01 Sequential (Exercise 01)\1.1.01 Sequential (Exercise 01).csproj", "{4F53C964-5F2F-9E04-E0A6-AD8B6AE7AE78}"
EndProject
Global
	GlobalSection(SolutionConfigurationPlatforms) = preSolution
		Debug|Any CPU = Debug|Any CPU
		Release|Any CPU = Release|Any CPU
	EndGlobalSection
	GlobalSection(ProjectConfigurationPlatforms) = postSolution
		{4F53C964-5F2F-9E04-E0A6-AD8B6AE7AE78}.Debug|Any CPU.ActiveCfg = Debug|Any CPU
		{4F53C964-5F2F-9E04-E0A6-AD8B6AE7AE78}.Debug|Any CPU.Build.0 = Debug|Any CPU
		{4F53C964-5F2F-9E04-E0A6-AD8B6AE7AE78}.Release|Any CPU.ActiveCfg = Release|Any CPU
		{4F53C964-5F2F-9E04-E0A6-AD8B6AE7AE78}.Release|Any CPU.Build.0 = Release|Any CPU
	EndGlobalSection
	GlobalSection(SolutionProperties) = preSolution
		HideSolutionNode = FALSE
	EndGlobalSection
	GlobalSection(ExtensibilityGlobals) = postSolution
		SolutionGuid = {66C41D6E-DC1E-4EC8-96B6-9288A8DCCA9C}
	EndGlobalSection
EndGlobal
